
Microsoft Visual Studio Solution File, Format Version 12.00
# Visual Studio 15
VisualStudioVersion = 15.0.27130.2020
MinimumVisualStudioVersion = 10.0.40219.1
Project("{FAE04EC0-301F-11D3-BF4B-00C04F79EFBC}") = "ConsoleApp5", "ConsoleApp5\ConsoleApp5.csproj", "{78DF9CC1-5A1C-42EA-A7FC-A1B04C10875F}"
EndProject
Global
	GlobalSection(SolutionConfigurationPlatforms) = preSolution
		Debug|Any CPU = Debug|Any CPU
		Release|Any CPU = Release|Any CPU
	EndGlobalSection
	GlobalSection(ProjectConfigurationPlatforms) = postSolution
		{78DF9CC1-5A1C-42EA-A7FC-A1B04C10875F}.Debug|Any CPU.ActiveCfg = Debug|Any CPU
		{78DF9CC1-5A1C-42EA-A7FC-A1B04C10875F}.Debug|Any CPU.Build.0 = Debug|Any CPU
		{78DF9CC1-5A1C-42EA-A7FC-A1B04C10875F}.Release|Any CPU.ActiveCfg = Release|Any CPU
		{78DF9CC1-5A1C-42EA-A7FC-A1B04C10875F}.Release|Any CPU.Build.0 = Release|Any CPU
	EndGlobalSection
	GlobalSection(SolutionProperties) = preSolution
		HideSolutionNode = FALSE
	EndGlobalSection
	GlobalSection(ExtensibilityGlobals) = postSolution
		SolutionGuid = {4E46BFBE-44D9-47CA-87A5-8A48223F2B89}
	EndGlobalSection
EndGlobal
